// !$*UTF8*$!
{
	archiveVersion = 1;
	classes = {
	};
	objectVersion = 56;
	objects = {

/* Begin PBXBuildFile section */
		1A728A4C2AF02632004ED90D /* FollowerListVC.swift in Sources */ = {isa = PBXBuildFile; fileRef = 1A728A4B2AF02632004ED90D /* FollowerListVC.swift */; };
		1A728A4E2AF02C02004ED90D /* GFTitleLabel.swift in Sources */ = {isa = PBXBuildFile; fileRef = 1A728A4D2AF02C02004ED90D /* GFTitleLabel.swift */; };
		1A728A502AF02E73004ED90D /* GFBodyLabel.swift in Sources */ = {isa = PBXBuildFile; fileRef = 1A728A4F2AF02E73004ED90D /* GFBodyLabel.swift */; };
		1A728A522AF02F74004ED90D /* GFAlertVC.swift in Sources */ = {isa = PBXBuildFile; fileRef = 1A728A512AF02F74004ED90D /* GFAlertVC.swift */; };
		1AEDB8C52AEE6732002163E9 /* AppDelegate.swift in Sources */ = {isa = PBXBuildFile; fileRef = 1AEDB8C42AEE6732002163E9 /* AppDelegate.swift */; };
		1AEDB8C72AEE6732002163E9 /* SceneDelegate.swift in Sources */ = {isa = PBXBuildFile; fileRef = 1AEDB8C62AEE6732002163E9 /* SceneDelegate.swift */; };
		1AEDB8CE2AEE6732002163E9 /* Assets.xcassets in Resources */ = {isa = PBXBuildFile; fileRef = 1AEDB8CD2AEE6732002163E9 /* Assets.xcassets */; };
		1AEDB8D12AEE6733002163E9 /* LaunchScreen.storyboard in Resources */ = {isa = PBXBuildFile; fileRef = 1AEDB8CF2AEE6733002163E9 /* LaunchScreen.storyboard */; };
		1AEDB8D92AEE6F18002163E9 /* SearchVC.swift in Sources */ = {isa = PBXBuildFile; fileRef = 1AEDB8D82AEE6F18002163E9 /* SearchVC.swift */; };
		1AEDB8DB2AEE6F5F002163E9 /* FavoritesListVC.swift in Sources */ = {isa = PBXBuildFile; fileRef = 1AEDB8DA2AEE6F5F002163E9 /* FavoritesListVC.swift */; };
		1AEDB8DD2AEE7907002163E9 /* GFButton.swift in Sources */ = {isa = PBXBuildFile; fileRef = 1AEDB8DC2AEE7907002163E9 /* GFButton.swift */; };
		1AEDB8DF2AEE7C68002163E9 /* GFTextField.swift in Sources */ = {isa = PBXBuildFile; fileRef = 1AEDB8DE2AEE7C68002163E9 /* GFTextField.swift */; };
/* End PBXBuildFile section */

/* Begin PBXFileReference section */
		1A728A4B2AF02632004ED90D /* FollowerListVC.swift */ = {isa = PBXFileReference; lastKnownFileType = sourcecode.swift; path = FollowerListVC.swift; sourceTree = "<group>"; };
		1A728A4D2AF02C02004ED90D /* GFTitleLabel.swift */ = {isa = PBXFileReference; lastKnownFileType = sourcecode.swift; path = GFTitleLabel.swift; sourceTree = "<group>"; };
		1A728A4F2AF02E73004ED90D /* GFBodyLabel.swift */ = {isa = PBXFileReference; lastKnownFileType = sourcecode.swift; path = GFBodyLabel.swift; sourceTree = "<group>"; };
		1A728A512AF02F74004ED90D /* GFAlertVC.swift */ = {isa = PBXFileReference; lastKnownFileType = sourcecode.swift; path = GFAlertVC.swift; sourceTree = "<group>"; };
		1AEDB8C12AEE6732002163E9 /* GithubFollowers.app */ = {isa = PBXFileReference; explicitFileType = wrapper.application; includeInIndex = 0; path = GithubFollowers.app; sourceTree = BUILT_PRODUCTS_DIR; };
		1AEDB8C42AEE6732002163E9 /* AppDelegate.swift */ = {isa = PBXFileReference; lastKnownFileType = sourcecode.swift; path = AppDelegate.swift; sourceTree = "<group>"; };
		1AEDB8C62AEE6732002163E9 /* SceneDelegate.swift */ = {isa = PBXFileReference; lastKnownFileType = sourcecode.swift; path = SceneDelegate.swift; sourceTree = "<group>"; };
		1AEDB8CD2AEE6732002163E9 /* Assets.xcassets */ = {isa = PBXFileReference; lastKnownFileType = folder.assetcatalog; path = Assets.xcassets; sourceTree = "<group>"; };
		1AEDB8D02AEE6733002163E9 /* Base */ = {isa = PBXFileReference; lastKnownFileType = file.storyboard; name = Base; path = Base.lproj/LaunchScreen.storyboard; sourceTree = "<group>"; };
		1AEDB8D22AEE6733002163E9 /* Info.plist */ = {isa = PBXFileReference; lastKnownFileType = text.plist.xml; path = Info.plist; sourceTree = "<group>"; };
		1AEDB8D82AEE6F18002163E9 /* SearchVC.swift */ = {isa = PBXFileReference; lastKnownFileType = sourcecode.swift; path = SearchVC.swift; sourceTree = "<group>"; };
		1AEDB8DA2AEE6F5F002163E9 /* FavoritesListVC.swift */ = {isa = PBXFileReference; lastKnownFileType = sourcecode.swift; path = FavoritesListVC.swift; sourceTree = "<group>"; };
		1AEDB8DC2AEE7907002163E9 /* GFButton.swift */ = {isa = PBXFileReference; lastKnownFileType = sourcecode.swift; path = GFButton.swift; sourceTree = "<group>"; };
		1AEDB8DE2AEE7C68002163E9 /* GFTextField.swift */ = {isa = PBXFileReference; lastKnownFileType = sourcecode.swift; path = GFTextField.swift; sourceTree = "<group>"; };
/* End PBXFileReference section */

/* Begin PBXFrameworksBuildPhase section */
		1AEDB8BE2AEE6732002163E9 /* Frameworks */ = {
			isa = PBXFrameworksBuildPhase;
			buildActionMask = 2147483647;
			files = (
			);
			runOnlyForDeploymentPostprocessing = 0;
		};
/* End PBXFrameworksBuildPhase section */

/* Begin PBXGroup section */
		1AEDB8B82AEE6732002163E9 = {
			isa = PBXGroup;
			children = (
				1AEDB8C32AEE6732002163E9 /* GithubFollowers */,
				1AEDB8C22AEE6732002163E9 /* Products */,
			);
			sourceTree = "<group>";
		};
		1AEDB8C22AEE6732002163E9 /* Products */ = {
			isa = PBXGroup;
			children = (
				1AEDB8C12AEE6732002163E9 /* GithubFollowers.app */,
			);
			name = Products;
			sourceTree = "<group>";
		};
		1AEDB8C32AEE6732002163E9 /* GithubFollowers */ = {
			isa = PBXGroup;
			children = (
				1AEDB8C42AEE6732002163E9 /* AppDelegate.swift */,
				1AEDB8C62AEE6732002163E9 /* SceneDelegate.swift */,
				1AEDB8D82AEE6F18002163E9 /* SearchVC.swift */,
				1AEDB8DA2AEE6F5F002163E9 /* FavoritesListVC.swift */,
				1AEDB8DC2AEE7907002163E9 /* GFButton.swift */,
				1AEDB8DE2AEE7C68002163E9 /* GFTextField.swift */,
				1A728A4B2AF02632004ED90D /* FollowerListVC.swift */,
				1AEDB8CD2AEE6732002163E9 /* Assets.xcassets */,
				1AEDB8CF2AEE6733002163E9 /* LaunchScreen.storyboard */,
				1AEDB8D22AEE6733002163E9 /* Info.plist */,
				1A728A4D2AF02C02004ED90D /* GFTitleLabel.swift */,
				1A728A4F2AF02E73004ED90D /* GFBodyLabel.swift */,
				1A728A512AF02F74004ED90D /* GFAlertVC.swift */,
			);
			path = GithubFollowers;
			sourceTree = "<group>";
		};
/* End PBXGroup section */

/* Begin PBXNativeTarget section */
		1AEDB8C02AEE6732002163E9 /* GithubFollowers */ = {
			isa = PBXNativeTarget;
			buildConfigurationList = 1AEDB8D52AEE6733002163E9 /* Build configuration list for PBXNativeTarget "GithubFollowers" */;
			buildPhases = (
				1AEDB8BD2AEE6732002163E9 /* Sources */,
				1AEDB8BE2AEE6732002163E9 /* Frameworks */,
				1AEDB8BF2AEE6732002163E9 /* Resources */,
			);
			buildRules = (
			);
			dependencies = (
			);
			name = GithubFollowers;
			productName = GithubFollowers;
			productReference = 1AEDB8C12AEE6732002163E9 /* GithubFollowers.app */;
			productType = "com.apple.product-type.application";
		};
/* End PBXNativeTarget section */

/* Begin PBXProject section */
		1AEDB8B92AEE6732002163E9 /* Project object */ = {
			isa = PBXProject;
			attributes = {
				BuildIndependentTargetsInParallel = 1;
				LastSwiftUpdateCheck = 1500;
				LastUpgradeCheck = 1500;
				TargetAttributes = {
					1AEDB8C02AEE6732002163E9 = {
						CreatedOnToolsVersion = 15.0.1;
					};
				};
			};
			buildConfigurationList = 1AEDB8BC2AEE6732002163E9 /* Build configuration list for PBXProject "GithubFollowers" */;
			compatibilityVersion = "Xcode 14.0";
			developmentRegion = en;
			hasScannedForEncodings = 0;
			knownRegions = (
				en,
				Base,
			);
			mainGroup = 1AEDB8B82AEE6732002163E9;
			productRefGroup = 1AEDB8C22AEE6732002163E9 /* Products */;
			projectDirPath = "";
			projectRoot = "";
			targets = (
				1AEDB8C02AEE6732002163E9 /* GithubFollowers */,
			);
		};
/* End PBXProject section */

/* Begin PBXResourcesBuildPhase section */
		1AEDB8BF2AEE6732002163E9 /* Resources */ = {
			isa = PBXResourcesBuildPhase;
			buildActionMask = 2147483647;
			files = (
				1AEDB8D12AEE6733002163E9 /* LaunchScreen.storyboard in Resources */,
				1AEDB8CE2AEE6732002163E9 /* Assets.xcassets in Resources */,
			);
			runOnlyForDeploymentPostprocessing = 0;
		};
/* End PBXResourcesBuildPhase section */

/* Begin PBXSourcesBuildPhase section */
		1AEDB8BD2AEE6732002163E9 /* Sources */ = {
			isa = PBXSourcesBuildPhase;
			buildActionMask = 2147483647;
			files = (
				1AEDB8DF2AEE7C68002163E9 /* GFTextField.swift in Sources */,
				1AEDB8DB2AEE6F5F002163E9 /* FavoritesListVC.swift in Sources */,
				1AEDB8DD2AEE7907002163E9 /* GFButton.swift in Sources */,
				1AEDB8D92AEE6F18002163E9 /* SearchVC.swift in Sources */,
				1A728A522AF02F74004ED90D /* GFAlertVC.swift in Sources */,
				1A728A502AF02E73004ED90D /* GFBodyLabel.swift in Sources */,
				1A728A4E2AF02C02004ED90D /* GFTitleLabel.swift in Sources */,
				1A728A4C2AF02632004ED90D /* FollowerListVC.swift in Sources */,
				1AEDB8C52AEE6732002163E9 /* AppDelegate.swift in Sources */,
				1AEDB8C72AEE6732002163E9 /* SceneDelegate.swift in Sources */,
			);
			runOnlyForDeploymentPostprocessing = 0;
		};
/* End PBXSourcesBuildPhase section */

/* Begin PBXVariantGroup section */
		1AEDB8CF2AEE6733002163E9 /* LaunchScreen.storyboard */ = {
			isa = PBXVariantGroup;
			children = (
				1AEDB8D02AEE6733002163E9 /* Base */,
			);
			name = LaunchScreen.storyboard;
			sourceTree = "<group>";
		};
/* End PBXVariantGroup section */

/* Begin XCBuildConfiguration section */
		1AEDB8D32AEE6733002163E9 /* Debug */ = {
			isa = XCBuildConfiguration;
			buildSettings = {
				ALWAYS_SEARCH_USER_PATHS = NO;
				ASSETCATALOG_COMPILER_GENERATE_SWIFT_ASSET_SYMBOL_EXTENSIONS = YES;
				CLANG_ANALYZER_NONNULL = YES;
				CLANG_ANALYZER_NUMBER_OBJECT_CONVERSION = YES_AGGRESSIVE;
				CLANG_CXX_LANGUAGE_STANDARD = "gnu++20";
				CLANG_ENABLE_MODULES = YES;
				CLANG_ENABLE_OBJC_ARC = YES;
				CLANG_ENABLE_OBJC_WEAK = YES;
				CLANG_WARN_BLOCK_CAPTURE_AUTORELEASING = YES;
				CLANG_WARN_BOOL_CONVERSION = YES;
				CLANG_WARN_COMMA = YES;
				CLANG_WARN_CONSTANT_CONVERSION = YES;
				CLANG_WARN_DEPRECATED_OBJC_IMPLEMENTATIONS = YES;
				CLANG_WARN_DIRECT_OBJC_ISA_USAGE = YES_ERROR;
				CLANG_WARN_DOCUMENTATION_COMMENTS = YES;
				CLANG_WARN_EMPTY_BODY = YES;
				CLANG_WARN_ENUM_CONVERSION = YES;
				CLANG_WARN_INFINITE_RECURSION = YES;
				CLANG_WARN_INT_CONVERSION = YES;
				CLANG_WARN_NON_LITERAL_NULL_CONVERSION = YES;
				CLANG_WARN_OBJC_IMPLICIT_RETAIN_SELF = YES;
				CLANG_WARN_OBJC_LITERAL_CONVERSION = YES;
				CLANG_WARN_OBJC_ROOT_CLASS = YES_ERROR;
				CLANG_WARN_QUOTED_INCLUDE_IN_FRAMEWORK_HEADER = YES;
				CLANG_WARN_RANGE_LOOP_ANALYSIS = YES;
				CLANG_WARN_STRICT_PROTOTYPES = YES;
				CLANG_WARN_SUSPICIOUS_MOVE = YES;
				CLANG_WARN_UNGUARDED_AVAILABILITY = YES_AGGRESSIVE;
				CLANG_WARN_UNREACHABLE_CODE = YES;
				CLANG_WARN__DUPLICATE_METHOD_MATCH = YES;
				COPY_PHASE_STRIP = NO;
				DEBUG_INFORMATION_FORMAT = dwarf;
				ENABLE_STRICT_OBJC_MSGSEND = YES;
				ENABLE_TESTABILITY = YES;
				ENABLE_USER_SCRIPT_SANDBOXING = YES;
				GCC_C_LANGUAGE_STANDARD = gnu17;
				GCC_DYNAMIC_NO_PIC = NO;
				GCC_NO_COMMON_BLOCKS = YES;
				GCC_OPTIMIZATION_LEVEL = 0;
				GCC_PREPROCESSOR_DEFINITIONS = (
					"DEBUG=1",
					"$(inherited)",
				);
				GCC_WARN_64_TO_32_BIT_CONVERSION = YES;
				GCC_WARN_ABOUT_RETURN_TYPE = YES_ERROR;
				GCC_WARN_UNDECLARED_SELECTOR = YES;
				GCC_WARN_UNINITIALIZED_AUTOS = YES_AGGRESSIVE;
				GCC_WARN_UNUSED_FUNCTION = YES;
				GCC_WARN_UNUSED_VARIABLE = YES;
				IPHONEOS_DEPLOYMENT_TARGET = 17.0;
				LOCALIZATION_PREFERS_STRING_CATALOGS = YES;
				MTL_ENABLE_DEBUG_INFO = INCLUDE_SOURCE;
				MTL_FAST_MATH = YES;
				ONLY_ACTIVE_ARCH = YES;
				SDKROOT = iphoneos;
				SWIFT_ACTIVE_COMPILATION_CONDITIONS = "DEBUG $(inherited)";
				SWIFT_OPTIMIZATION_LEVEL = "-Onone";
			};
			name = Debug;
		};
		1AEDB8D42AEE6733002163E9 /* Release */ = {
			isa = XCBuildConfiguration;
			buildSettings = {
				ALWAYS_SEARCH_USER_PATHS = NO;
				ASSETCATALOG_COMPILER_GENERATE_SWIFT_ASSET_SYMBOL_EXTENSIONS = YES;
				CLANG_ANALYZER_NONNULL = YES;
				CLANG_ANALYZER_NUMBER_OBJECT_CONVERSION = YES_AGGRESSIVE;
				CLANG_CXX_LANGUAGE_STANDARD = "gnu++20";
				CLANG_ENABLE_MODULES = YES;
				CLANG_ENABLE_OBJC_ARC = YES;
				CLANG_ENABLE_OBJC_WEAK = YES;
				CLANG_WARN_BLOCK_CAPTURE_AUTORELEASING = YES;
				CLANG_WARN_BOOL_CONVERSION = YES;
				CLANG_WARN_COMMA = YES;
				CLANG_WARN_CONSTANT_CONVERSION = YES;
				CLANG_WARN_DEPRECATED_OBJC_IMPLEMENTATIONS = YES;
				CLANG_WARN_DIRECT_OBJC_ISA_USAGE = YES_ERROR;
				CLANG_WARN_DOCUMENTATION_COMMENTS = YES;
				CLANG_WARN_EMPTY_BODY = YES;
				CLANG_WARN_ENUM_CONVERSION = YES;
				CLANG_WARN_INFINITE_RECURSION = YES;
				CLANG_WARN_INT_CONVERSION = YES;
				CLANG_WARN_NON_LITERAL_NULL_CONVERSION = YES;
				CLANG_WARN_OBJC_IMPLICIT_RETAIN_SELF = YES;
				CLANG_WARN_OBJC_LITERAL_CONVERSION = YES;
				CLANG_WARN_OBJC_ROOT_CLASS = YES_ERROR;
				CLANG_WARN_QUOTED_INCLUDE_IN_FRAMEWORK_HEADER = YES;
				CLANG_WARN_RANGE_LOOP_ANALYSIS = YES;
				CLANG_WARN_STRICT_PROTOTYPES = YES;
				CLANG_WARN_SUSPICIOUS_MOVE = YES;
				CLANG_WARN_UNGUARDED_AVAILABILITY = YES_AGGRESSIVE;
				CLANG_WARN_UNREACHABLE_CODE = YES;
				CLANG_WARN__DUPLICATE_METHOD_MATCH = YES;
				COPY_PHASE_STRIP = NO;
				DEBUG_INFORMATION_FORMAT = "dwarf-with-dsym";
				ENABLE_NS_ASSERTIONS = NO;
				ENABLE_STRICT_OBJC_MSGSEND = YES;
				ENABLE_USER_SCRIPT_SANDBOXING = YES;
				GCC_C_LANGUAGE_STANDARD = gnu17;
				GCC_NO_COMMON_BLOCKS = YES;
				GCC_WARN_64_TO_32_BIT_CONVERSION = YES;
				GCC_WARN_ABOUT_RETURN_TYPE = YES_ERROR;
				GCC_WARN_UNDECLARED_SELECTOR = YES;
				GCC_WARN_UNINITIALIZED_AUTOS = YES_AGGRESSIVE;
				GCC_WARN_UNUSED_FUNCTION = YES;
				GCC_WARN_UNUSED_VARIABLE = YES;
				IPHONEOS_DEPLOYMENT_TARGET = 17.0;
				LOCALIZATION_PREFERS_STRING_CATALOGS = YES;
				MTL_ENABLE_DEBUG_INFO = NO;
				MTL_FAST_MATH = YES;
				SDKROOT = iphoneos;
				SWIFT_COMPILATION_MODE = wholemodule;
				VALIDATE_PRODUCT = YES;
			};
			name = Release;
		};
		1AEDB8D62AEE6733002163E9 /* Debug */ = {
			isa = XCBuildConfiguration;
			buildSettings = {
				ASSETCATALOG_COMPILER_APPICON_NAME = AppIcon;
				ASSETCATALOG_COMPILER_GLOBAL_ACCENT_COLOR_NAME = AccentColor;
				CODE_SIGN_STYLE = Automatic;
				CURRENT_PROJECT_VERSION = 1;
				DEVELOPMENT_TEAM = L49ZU532QC;
				GENERATE_INFOPLIST_FILE = YES;
				INFOPLIST_FILE = GithubFollowers/Info.plist;
				INFOPLIST_KEY_UIApplicationSupportsIndirectInputEvents = YES;
				INFOPLIST_KEY_UILaunchStoryboardName = LaunchScreen;
				INFOPLIST_KEY_UISupportedInterfaceOrientations = UIInterfaceOrientationPortrait;
				INFOPLIST_KEY_UISupportedInterfaceOrientations_iPad = "UIInterfaceOrientationLandscapeLeft UIInterfaceOrientationLandscapeRight UIInterfaceOrientationPortrait UIInterfaceOrientationPortraitUpsideDown";
				LD_RUNPATH_SEARCH_PATHS = (
					"$(inherited)",
					"@executable_path/Frameworks",
				);
				MARKETING_VERSION = 1.0;
				PRODUCT_BUNDLE_IDENTIFIER = com.wasabi.GithubFollowers;
				PRODUCT_NAME = "$(TARGET_NAME)";
				SWIFT_EMIT_LOC_STRINGS = YES;
				SWIFT_VERSION = 5.0;
				TARGETED_DEVICE_FAMILY = "1,2";
			};
			name = Debug;
		};
		1AEDB8D72AEE6733002163E9 /* Release */ = {
			isa = XCBuildConfiguration;
			buildSettings = {
				ASSETCATALOG_COMPILER_APPICON_NAME = AppIcon;
				ASSETCATALOG_COMPILER_GLOBAL_ACCENT_COLOR_NAME = AccentColor;
				CODE_SIGN_STYLE = Automatic;
				CURRENT_PROJECT_VERSION = 1;
				DEVELOPMENT_TEAM = L49ZU532QC;
				GENERATE_INFOPLIST_FILE = YES;
				INFOPLIST_FILE = GithubFollowers/Info.plist;
				INFOPLIST_KEY_UIApplicationSupportsIndirectInputEvents = YES;
				INFOPLIST_KEY_UILaunchStoryboardName = LaunchScreen;
				INFOPLIST_KEY_UISupportedInterfaceOrientations = UIInterfaceOrientationPortrait;
				INFOPLIST_KEY_UISupportedInterfaceOrientations_iPad = "UIInterfaceOrientationLandscapeLeft UIInterfaceOrientationLandscapeRight UIInterfaceOrientationPortrait UIInterfaceOrientationPortraitUpsideDown";
				LD_RUNPATH_SEARCH_PATHS = (
					"$(inherited)",
					"@executable_path/Frameworks",
				);
				MARKETING_VERSION = 1.0;
				PRODUCT_BUNDLE_IDENTIFIER = com.wasabi.GithubFollowers;
				PRODUCT_NAME = "$(TARGET_NAME)";
				SWIFT_EMIT_LOC_STRINGS = YES;
				SWIFT_VERSION = 5.0;
				TARGETED_DEVICE_FAMILY = "1,2";
			};
			name = Release;
		};
/* End XCBuildConfiguration section */

/* Begin XCConfigurationList section */
		1AEDB8BC2AEE6732002163E9 /* Build configuration list for PBXProject "GithubFollowers" */ = {
			isa = XCConfigurationList;
			buildConfigurations = (
				1AEDB8D32AEE6733002163E9 /* Debug */,
				1AEDB8D42AEE6733002163E9 /* Release */,
			);
			defaultConfigurationIsVisible = 0;
			defaultConfigurationName = Release;
		};
		1AEDB8D52AEE6733002163E9 /* Build configuration list for PBXNativeTarget "GithubFollowers" */ = {
			isa = XCConfigurationList;
			buildConfigurations = (
				1AEDB8D62AEE6733002163E9 /* Debug */,
				1AEDB8D72AEE6733002163E9 /* Release */,
			);
			defaultConfigurationIsVisible = 0;
			defaultConfigurationName = Release;
		};
/* End XCConfigurationList section */
	};
	rootObject = 1AEDB8B92AEE6732002163E9 /* Project object */;
}
